{
  "name": "test-pkg",
  "version": "1.0.0",
  "lockfileVersion": 3,
  "requires": true,
  "packages": {
    "": {
      "name": "test-pkg",
      "version": "1.0.0",
      "license": "ISC",
      "dependencies": {
        "generalmotors": "^1.0.1"
      }
    },
    "node_modules/generalmotors": {
      "version": "1.0.1",
      "resolved": "https://registry.npmjs.org/generalmotors/-/generalmotors-1.0.1.tgz",
      "integrity": "sha512-rWbcC8mdgPWkoMQorW39Qa6kQCcphWlPqsmlTVMzl8cd5jljSAbl+6nGgKgzpmnVd0Ak5dVyjrsfLwiXJ2kjFg==",
      "dependencies": {
        "underscore": "git+https://github.com/jashkenas/underscore.git"
      }
    },
    "node_modules/underscore": {
      "version": "1.13.6",
      "resolved": "git+ssh://git@github.com/jashkenas/underscore.git#1abc36c169947c54c97e266513b1d763d0198f46",
      "license": "MIT"
    }
  }
}
